
Microsoft Visual Studio Solution File, Format Version 12.00
# Visual Studio 2013
VisualStudioVersion = 12.0.21005.1
MinimumVisualStudioVersion = 10.0.40219.1
Project("{FAE04EC0-301F-11D3-BF4B-00C04F79EFBC}") = "ABCComputerEducation", "ABCComputerEducation\ABCComputerEducation.csproj", "{3D57AA80-74A2-4930-8204-C3F28AA44B2B}"
EndProject
Project("{FAE04EC0-301F-11D3-BF4B-00C04F79EFBC}") = "ABCComputerEducation.DAL", "ABCComputerEducation.DAL\ABCComputerEducation.DAL.csproj", "{0431E8FF-FEA7-4688-B80D-6FFBE86F947C}"
EndProject
Project("{FAE04EC0-301F-11D3-BF4B-00C04F79EFBC}") = "ABCComputerEducation.BLL", "ABCComputerEducation.BLL\ABCComputerEducation.BLL.csproj", "{8AAFB406-0E2D-4490-8DB7-7317C2809FC7}"
EndProject
Global
	GlobalSection(SolutionConfigurationPlatforms) = preSolution
		Debug|Any CPU = Debug|Any CPU
		Release|Any CPU = Release|Any CPU
	EndGlobalSection
	GlobalSection(ProjectConfigurationPlatforms) = postSolution
		{3D57AA80-74A2-4930-8204-C3F28AA44B2B}.Debug|Any CPU.ActiveCfg = Debug|Any CPU
		{3D57AA80-74A2-4930-8204-C3F28AA44B2B}.Debug|Any CPU.Build.0 = Debug|Any CPU
		{3D57AA80-74A2-4930-8204-C3F28AA44B2B}.Release|Any CPU.ActiveCfg = Release|Any CPU
		{3D57AA80-74A2-4930-8204-C3F28AA44B2B}.Release|Any CPU.Build.0 = Release|Any CPU
		{0431E8FF-FEA7-4688-B80D-6FFBE86F947C}.Debug|Any CPU.ActiveCfg = Debug|Any CPU
		{0431E8FF-FEA7-4688-B80D-6FFBE86F947C}.Debug|Any CPU.Build.0 = Debug|Any CPU
		{0431E8FF-FEA7-4688-B80D-6FFBE86F947C}.Release|Any CPU.ActiveCfg = Release|Any CPU
		{0431E8FF-FEA7-4688-B80D-6FFBE86F947C}.Release|Any CPU.Build.0 = Release|Any CPU
		{8AAFB406-0E2D-4490-8DB7-7317C2809FC7}.Debug|Any CPU.ActiveCfg = Debug|Any CPU
		{8AAFB406-0E2D-4490-8DB7-7317C2809FC7}.Debug|Any CPU.Build.0 = Debug|Any CPU
		{8AAFB406-0E2D-4490-8DB7-7317C2809FC7}.Release|Any CPU.ActiveCfg = Release|Any CPU
		{8AAFB406-0E2D-4490-8DB7-7317C2809FC7}.Release|Any CPU.Build.0 = Release|Any CPU
	EndGlobalSection
	GlobalSection(SolutionProperties) = preSolution
		HideSolutionNode = FALSE
	EndGlobalSection
EndGlobal
